// !$*UTF8*$!
{
	archiveVersion = 1;
	classes = {
	};
	objectVersion = 77;
	objects = {

/* Begin PBXContainerItemProxy section */
		B9BB57142DF8CE4700B7E1E7 /* PBXContainerItemProxy */ = {
			isa = PBXContainerItemProxy;
			containerPortal = B9BB56FA2DF8CE4500B7E1E7 /* Project object */;
			proxyType = 1;
			remoteGlobalIDString = B9BB57012DF8CE4500B7E1E7;
			remoteInfo = "Aura 2.0";
		};
		B9BB571E2DF8CE4700B7E1E7 /* PBXContainerItemProxy */ = {
			isa = PBXContainerItemProxy;
			containerPortal = B9BB56FA2DF8CE4500B7E1E7 /* Project object */;
			proxyType = 1;
			remoteGlobalIDString = B9BB57012DF8CE4500B7E1E7;
			remoteInfo = "Aura 2.0";
		};
/* End PBXContainerItemProxy section */

/* Begin PBXFileReference section */
		B9BB57022DF8CE4500B7E1E7 /* Aura 2.0.app */ = {isa = PBXFileReference; explicitFileType = wrapper.application; includeInIndex = 0; path = "Aura 2.0.app"; sourceTree = BUILT_PRODUCTS_DIR; };
		B9BB57132DF8CE4700B7E1E7 /* Aura 2.0Tests.xctest */ = {isa = PBXFileReference; explicitFileType = wrapper.cfbundle; includeInIndex = 0; path = "Aura 2.0Tests.xctest"; sourceTree = BUILT_PRODUCTS_DIR; };
		B9BB571D2DF8CE4700B7E1E7 /* Aura 2.0UITests.xctest */ = {isa = PBXFileReference; explicitFileType = wrapper.cfbundle; includeInIndex = 0; path = "Aura 2.0UITests.xctest"; sourceTree = BUILT_PRODUCTS_DIR; };
/* End PBXFileReference section */

/* Begin PBXFileSystemSynchronizedBuildFileExceptionSet section */
		B9BB57252DF8CE4700B7E1E7 /* Exceptions for "Aura 2.0" folder in "Aura 2.0" target */ = {
			isa = PBXFileSystemSynchronizedBuildFileExceptionSet;
			membershipExceptions = (
				Info.plist,
			);
			target = B9BB57012DF8CE4500B7E1E7 /* Aura 2.0 */;
		};
/* End PBXFileSystemSynchronizedBuildFileExceptionSet section */

/* Begin PBXFileSystemSynchronizedRootGroup section */
		B9BB57042DF8CE4500B7E1E7 /* Aura 2.0 */ = {
			isa = PBXFileSystemSynchronizedRootGroup;
			exceptions = (
				B9BB57252DF8CE4700B7E1E7 /* Exceptions for "Aura 2.0" folder in "Aura 2.0" target */,
			);
			path = "Aura 2.0";
			sourceTree = "<group>";
		};
		B9BB57162DF8CE4700B7E1E7 /* Aura 2.0Tests */ = {
			isa = PBXFileSystemSynchronizedRootGroup;
			path = "Aura 2.0Tests";
			sourceTree = "<group>";
		};
		B9BB57202DF8CE4700B7E1E7 /* Aura 2.0UITests */ = {
			isa = PBXFileSystemSynchronizedRootGroup;
			path = "Aura 2.0UITests";
			sourceTree = "<group>";
		};
/* End PBXFileSystemSynchronizedRootGroup section */

/* Begin PBXFrameworksBuildPhase section */
		B9BB56FF2DF8CE4500B7E1E7 /* Frameworks */ = {
			isa = PBXFrameworksBuildPhase;
			buildActionMask = 2147483647;
			files = (
			);
			runOnlyForDeploymentPostprocessing = 0;
		};
		B9BB57102DF8CE4700B7E1E7 /* Frameworks */ = {
			isa = PBXFrameworksBuildPhase;
			buildActionMask = 2147483647;
			files = (
			);
			runOnlyForDeploymentPostprocessing = 0;
		};
		B9BB571A2DF8CE4700B7E1E7 /* Frameworks */ = {
			isa = PBXFrameworksBuildPhase;
			buildActionMask = 2147483647;
			files = (
			);
			runOnlyForDeploymentPostprocessing = 0;
		};
/* End PBXFrameworksBuildPhase section */

/* Begin PBXGroup section */
		B9BB56F92DF8CE4500B7E1E7 = {
			isa = PBXGroup;
			children = (
				B9BB57042DF8CE4500B7E1E7 /* Aura 2.0 */,
				B9BB57162DF8CE4700B7E1E7 /* Aura 2.0Tests */,
				B9BB57202DF8CE4700B7E1E7 /* Aura 2.0UITests */,
				B9BB57032DF8CE4500B7E1E7 /* Products */,
			);
			sourceTree = "<group>";
		};
		B9BB57032DF8CE4500B7E1E7 /* Products */ = {
			isa = PBXGroup;
			children = (
				B9BB57022DF8CE4500B7E1E7 /* Aura 2.0.app */,
				B9BB57132DF8CE4700B7E1E7 /* Aura 2.0Tests.xctest */,
				B9BB571D2DF8CE4700B7E1E7 /* Aura 2.0UITests.xctest */,
			);
			name = Products;
			sourceTree = "<group>";
		};
/* End PBXGroup section */

/* Begin PBXNativeTarget section */
		B9BB57012DF8CE4500B7E1E7 /* Aura 2.0 */ = {
			isa = PBXNativeTarget;
			buildConfigurationList = B9BB57262DF8CE4700B7E1E7 /* Build configuration list for PBXNativeTarget "Aura 2.0" */;
			buildPhases = (
				B9BB56FE2DF8CE4500B7E1E7 /* Sources */,
				B9BB56FF2DF8CE4500B7E1E7 /* Frameworks */,
				B9BB57002DF8CE4500B7E1E7 /* Resources */,
			);
			buildRules = (
			);
			dependencies = (
			);
			fileSystemSynchronizedGroups = (
				B9BB57042DF8CE4500B7E1E7 /* Aura 2.0 */,
			);
			name = "Aura 2.0";
			packageProductDependencies = (
			);
			productName = "Aura 2.0";
			productReference = B9BB57022DF8CE4500B7E1E7 /* Aura 2.0.app */;
			productType = "com.apple.product-type.application";
		};
		B9BB57122DF8CE4700B7E1E7 /* Aura 2.0Tests */ = {
			isa = PBXNativeTarget;
			buildConfigurationList = B9BB572B2DF8CE4700B7E1E7 /* Build configuration list for PBXNativeTarget "Aura 2.0Tests" */;
			buildPhases = (
				B9BB570F2DF8CE4700B7E1E7 /* Sources */,
				B9BB57102DF8CE4700B7E1E7 /* Frameworks */,
				B9BB57112DF8CE4700B7E1E7 /* Resources */,
			);
			buildRules = (
			);
			dependencies = (
				B9BB57152DF8CE4700B7E1E7 /* PBXTargetDependency */,
			);
			fileSystemSynchronizedGroups = (
				B9BB57162DF8CE4700B7E1E7 /* Aura 2.0Tests */,
			);
			name = "Aura 2.0Tests";
			packageProductDependencies = (
			);
			productName = "Aura 2.0Tests";
			productReference = B9BB57132DF8CE4700B7E1E7 /* Aura 2.0Tests.xctest */;
			productType = "com.apple.product-type.bundle.unit-test";
		};
		B9BB571C2DF8CE4700B7E1E7 /* Aura 2.0UITests */ = {
			isa = PBXNativeTarget;
			buildConfigurationList = B9BB572E2DF8CE4700B7E1E7 /* Build configuration list for PBXNativeTarget "Aura 2.0UITests" */;
			buildPhases = (
				B9BB57192DF8CE4700B7E1E7 /* Sources */,
				B9BB571A2DF8CE4700B7E1E7 /* Frameworks */,
				B9BB571B2DF8CE4700B7E1E7 /* Resources */,
			);
			buildRules = (
			);
			dependencies = (
				B9BB571F2DF8CE4700B7E1E7 /* PBXTargetDependency */,
			);
			fileSystemSynchronizedGroups = (
				B9BB57202DF8CE4700B7E1E7 /* Aura 2.0UITests */,
			);
			name = "Aura 2.0UITests";
			packageProductDependencies = (
			);
			productName = "Aura 2.0UITests";
			productReference = B9BB571D2DF8CE4700B7E1E7 /* Aura 2.0UITests.xctest */;
			productType = "com.apple.product-type.bundle.ui-testing";
		};
/* End PBXNativeTarget section */

/* Begin PBXProject section */
		B9BB56FA2DF8CE4500B7E1E7 /* Project object */ = {
			isa = PBXProject;
			attributes = {
				BuildIndependentTargetsInParallel = 1;
				LastSwiftUpdateCheck = 2600;
				LastUpgradeCheck = 2600;
				TargetAttributes = {
					B9BB57012DF8CE4500B7E1E7 = {
						CreatedOnToolsVersion = 26.0;
					};
					B9BB57122DF8CE4700B7E1E7 = {
						CreatedOnToolsVersion = 26.0;
						TestTargetID = B9BB57012DF8CE4500B7E1E7;
					};
					B9BB571C2DF8CE4700B7E1E7 = {
						CreatedOnToolsVersion = 26.0;
						TestTargetID = B9BB57012DF8CE4500B7E1E7;
					};
				};
			};
			buildConfigurationList = B9BB56FD2DF8CE4500B7E1E7 /* Build configuration list for PBXProject "Aura 2.0" */;
			developmentRegion = en;
			hasScannedForEncodings = 0;
			knownRegions = (
				en,
				Base,
			);
			mainGroup = B9BB56F92DF8CE4500B7E1E7;
			minimizedProjectReferenceProxies = 1;
			preferredProjectObjectVersion = 77;
			productRefGroup = B9BB57032DF8CE4500B7E1E7 /* Products */;
			projectDirPath = "";
			projectRoot = "";
			targets = (
				B9BB57012DF8CE4500B7E1E7 /* Aura 2.0 */,
				B9BB57122DF8CE4700B7E1E7 /* Aura 2.0Tests */,
				B9BB571C2DF8CE4700B7E1E7 /* Aura 2.0UITests */,
			);
		};
/* End PBXProject section */

/* Begin PBXResourcesBuildPhase section */
		B9BB57002DF8CE4500B7E1E7 /* Resources */ = {
			isa = PBXResourcesBuildPhase;
			buildActionMask = 2147483647;
			files = (
			);
			runOnlyForDeploymentPostprocessing = 0;
		};
		B9BB57112DF8CE4700B7E1E7 /* Resources */ = {
			isa = PBXResourcesBuildPhase;
			buildActionMask = 2147483647;
			files = (
			);
			runOnlyForDeploymentPostprocessing = 0;
		};
		B9BB571B2DF8CE4700B7E1E7 /* Resources */ = {
			isa = PBXResourcesBuildPhase;
			buildActionMask = 2147483647;
			files = (
			);
			runOnlyForDeploymentPostprocessing = 0;
		};
/* End PBXResourcesBuildPhase section */

/* Begin PBXSourcesBuildPhase section */
		B9BB56FE2DF8CE4500B7E1E7 /* Sources */ = {
			isa = PBXSourcesBuildPhase;
			buildActionMask = 2147483647;
			files = (
			);
			runOnlyForDeploymentPostprocessing = 0;
		};
		B9BB570F2DF8CE4700B7E1E7 /* Sources */ = {
			isa = PBXSourcesBuildPhase;
			buildActionMask = 2147483647;
			files = (
			);
			runOnlyForDeploymentPostprocessing = 0;
		};
		B9BB57192DF8CE4700B7E1E7 /* Sources */ = {
			isa = PBXSourcesBuildPhase;
			buildActionMask = 2147483647;
			files = (
			);
			runOnlyForDeploymentPostprocessing = 0;
		};
/* End PBXSourcesBuildPhase section */

/* Begin PBXTargetDependency section */
		B9BB57152DF8CE4700B7E1E7 /* PBXTargetDependency */ = {
			isa = PBXTargetDependency;
			target = B9BB57012DF8CE4500B7E1E7 /* Aura 2.0 */;
			targetProxy = B9BB57142DF8CE4700B7E1E7 /* PBXContainerItemProxy */;
		};
		B9BB571F2DF8CE4700B7E1E7 /* PBXTargetDependency */ = {
			isa = PBXTargetDependency;
			target = B9BB57012DF8CE4500B7E1E7 /* Aura 2.0 */;
			targetProxy = B9BB571E2DF8CE4700B7E1E7 /* PBXContainerItemProxy */;
		};
/* End PBXTargetDependency section */

/* Begin XCBuildConfiguration section */
		B9BB57272DF8CE4700B7E1E7 /* Debug */ = {
			isa = XCBuildConfiguration;
			buildSettings = {
				ASSETCATALOG_COMPILER_APPICON_NAME = AppIcon;
				ASSETCATALOG_COMPILER_GLOBAL_ACCENT_COLOR_NAME = AccentColor;
				CODE_SIGN_ENTITLEMENTS = "Aura 2.0/Aura_2_0.entitlements";
				CODE_SIGN_STYLE = Automatic;
				CURRENT_PROJECT_VERSION = 1;
				DEVELOPMENT_TEAM = 47J6H2LHDD;
				ENABLE_PREVIEWS = YES;
				GENERATE_INFOPLIST_FILE = YES;
				INFOPLIST_FILE = "Aura 2.0/Info.plist";
				INFOPLIST_KEY_UIApplicationSceneManifest_Generation = YES;
				INFOPLIST_KEY_UIApplicationSupportsIndirectInputEvents = YES;
				INFOPLIST_KEY_UILaunchScreen_Generation = YES;
				INFOPLIST_KEY_UISupportedInterfaceOrientations_iPad = "UIInterfaceOrientationPortrait UIInterfaceOrientationPortraitUpsideDown UIInterfaceOrientationLandscapeLeft UIInterfaceOrientationLandscapeRight";
				INFOPLIST_KEY_UISupportedInterfaceOrientations_iPhone = "UIInterfaceOrientationPortrait UIInterfaceOrientationLandscapeLeft UIInterfaceOrientationLandscapeRight";
				LD_RUNPATH_SEARCH_PATHS = (
					"$(inherited)",
					"@executable_path/Frameworks",
				);
				MARKETING_VERSION = 1.0;
				PRODUCT_BUNDLE_IDENTIFIER = "com.doorhingeapps.Aura-2-0";
				PRODUCT_NAME = "$(TARGET_NAME)";
				STRING_CATALOG_GENERATE_SYMBOLS = YES;
				SWIFT_DEFAULT_ACTOR_ISOLATION = MainActor;
				SWIFT_EMIT_LOC_STRINGS = YES;
				SWIFT_UPCOMING_FEATURE_MEMBER_IMPORT_VISIBILITY = YES;
				SWIFT_VERSION = 5.0;
				TARGETED_DEVICE_FAMILY = "1,2";
			};
			name = Debug;
		};
		B9BB57282DF8CE4700B7E1E7 /* Release */ = {
			isa = XCBuildConfiguration;
			buildSettings = {
				ASSETCATALOG_COMPILER_APPICON_NAME = AppIcon;
				ASSETCATALOG_COMPILER_GLOBAL_ACCENT_COLOR_NAME = AccentColor;
				CODE_SIGN_ENTITLEMENTS = "Aura 2.0/Aura_2_0.entitlements";
				CODE_SIGN_STYLE = Automatic;
				CURRENT_PROJECT_VERSION = 1;
				DEVELOPMENT_TEAM = 47J6H2LHDD;
				ENABLE_PREVIEWS = YES;
				GENERATE_INFOPLIST_FILE = YES;
				INFOPLIST_FILE = "Aura 2.0/Info.plist";
				INFOPLIST_KEY_UIApplicationSceneManifest_Generation = YES;
				INFOPLIST_KEY_UIApplicationSupportsIndirectInputEvents = YES;
				INFOPLIST_KEY_UILaunchScreen_Generation = YES;
				INFOPLIST_KEY_UISupportedInterfaceOrientations_iPad = "UIInterfaceOrientationPortrait UIInterfaceOrientationPortraitUpsideDown UIInterfaceOrientationLandscapeLeft UIInterfaceOrientationLandscapeRight";
				INFOPLIST_KEY_UISupportedInterfaceOrientations_iPhone = "UIInterfaceOrientationPortrait UIInterfaceOrientationLandscapeLeft UIInterfaceOrientationLandscapeRight";
				LD_RUNPATH_SEARCH_PATHS = (
					"$(inherited)",
					"@executable_path/Frameworks",
				);
				MARKETING_VERSION = 1.0;
				PRODUCT_BUNDLE_IDENTIFIER = "com.doorhingeapps.Aura-2-0";
				PRODUCT_NAME = "$(TARGET_NAME)";
				STRING_CATALOG_GENERATE_SYMBOLS = YES;
				SWIFT_DEFAULT_ACTOR_ISOLATION = MainActor;
				SWIFT_EMIT_LOC_STRINGS = YES;
				SWIFT_UPCOMING_FEATURE_MEMBER_IMPORT_VISIBILITY = YES;
				SWIFT_VERSION = 5.0;
				TARGETED_DEVICE_FAMILY = "1,2";
			};
			name = Release;
		};
		B9BB57292DF8CE4700B7E1E7 /* Debug */ = {
			isa = XCBuildConfiguration;
			buildSettings = {
				ALWAYS_SEARCH_USER_PATHS = NO;
				ASSETCATALOG_COMPILER_GENERATE_SWIFT_ASSET_SYMBOL_EXTENSIONS = YES;
				CLANG_ANALYZER_NONNULL = YES;
				CLANG_ANALYZER_NUMBER_OBJECT_CONVERSION = YES_AGGRESSIVE;
				CLANG_CXX_LANGUAGE_STANDARD = "gnu++20";
				CLANG_ENABLE_MODULES = YES;
				CLANG_ENABLE_OBJC_ARC = YES;
				CLANG_ENABLE_OBJC_WEAK = YES;
				CLANG_WARN_BLOCK_CAPTURE_AUTORELEASING = YES;
				CLANG_WARN_BOOL_CONVERSION = YES;
				CLANG_WARN_COMMA = YES;
				CLANG_WARN_CONSTANT_CONVERSION = YES;
				CLANG_WARN_DEPRECATED_OBJC_IMPLEMENTATIONS = YES;
				CLANG_WARN_DIRECT_OBJC_ISA_USAGE = YES_ERROR;
				CLANG_WARN_DOCUMENTATION_COMMENTS = YES;
				CLANG_WARN_EMPTY_BODY = YES;
				CLANG_WARN_ENUM_CONVERSION = YES;
				CLANG_WARN_INFINITE_RECURSION = YES;
				CLANG_WARN_INT_CONVERSION = YES;
				CLANG_WARN_NON_LITERAL_NULL_CONVERSION = YES;
				CLANG_WARN_OBJC_IMPLICIT_RETAIN_SELF = YES;
				CLANG_WARN_OBJC_LITERAL_CONVERSION = YES;
				CLANG_WARN_OBJC_ROOT_CLASS = YES_ERROR;
				CLANG_WARN_QUOTED_INCLUDE_IN_FRAMEWORK_HEADER = YES;
				CLANG_WARN_RANGE_LOOP_ANALYSIS = YES;
				CLANG_WARN_STRICT_PROTOTYPES = YES;
				CLANG_WARN_SUSPICIOUS_MOVE = YES;
				CLANG_WARN_UNGUARDED_AVAILABILITY = YES_AGGRESSIVE;
				CLANG_WARN_UNREACHABLE_CODE = YES;
				CLANG_WARN__DUPLICATE_METHOD_MATCH = YES;
				COPY_PHASE_STRIP = NO;
				DEBUG_INFORMATION_FORMAT = dwarf;
				DEVELOPMENT_TEAM = 47J6H2LHDD;
				ENABLE_STRICT_OBJC_MSGSEND = YES;
				ENABLE_TESTABILITY = YES;
				ENABLE_USER_SCRIPT_SANDBOXING = YES;
				GCC_C_LANGUAGE_STANDARD = gnu17;
				GCC_DYNAMIC_NO_PIC = NO;
				GCC_NO_COMMON_BLOCKS = YES;
				GCC_OPTIMIZATION_LEVEL = 0;
				GCC_PREPROCESSOR_DEFINITIONS = (
					"DEBUG=1",
					"$(inherited)",
				);
				GCC_WARN_64_TO_32_BIT_CONVERSION = YES;
				GCC_WARN_ABOUT_RETURN_TYPE = YES_ERROR;
				GCC_WARN_UNDECLARED_SELECTOR = YES;
				GCC_WARN_UNINITIALIZED_AUTOS = YES_AGGRESSIVE;
				GCC_WARN_UNUSED_FUNCTION = YES;
				GCC_WARN_UNUSED_VARIABLE = YES;
				IPHONEOS_DEPLOYMENT_TARGET = 26.0;
				LOCALIZATION_PREFERS_STRING_CATALOGS = YES;
				MTL_ENABLE_DEBUG_INFO = INCLUDE_SOURCE;
				MTL_FAST_MATH = YES;
				ONLY_ACTIVE_ARCH = YES;
				SDKROOT = iphoneos;
				SWIFT_ACTIVE_COMPILATION_CONDITIONS = "DEBUG $(inherited)";
				SWIFT_OPTIMIZATION_LEVEL = "-Onone";
			};
			name = Debug;
		};
		B9BB572A2DF8CE4700B7E1E7 /* Release */ = {
			isa = XCBuildConfiguration;
			buildSettings = {
				ALWAYS_SEARCH_USER_PATHS = NO;
				ASSETCATALOG_COMPILER_GENERATE_SWIFT_ASSET_SYMBOL_EXTENSIONS = YES;
				CLANG_ANALYZER_NONNULL = YES;
				CLANG_ANALYZER_NUMBER_OBJECT_CONVERSION = YES_AGGRESSIVE;
				CLANG_CXX_LANGUAGE_STANDARD = "gnu++20";
				CLANG_ENABLE_MODULES = YES;
				CLANG_ENABLE_OBJC_ARC = YES;
				CLANG_ENABLE_OBJC_WEAK = YES;
				CLANG_WARN_BLOCK_CAPTURE_AUTORELEASING = YES;
				CLANG_WARN_BOOL_CONVERSION = YES;
				CLANG_WARN_COMMA = YES;
				CLANG_WARN_CONSTANT_CONVERSION = YES;
				CLANG_WARN_DEPRECATED_OBJC_IMPLEMENTATIONS = YES;
				CLANG_WARN_DIRECT_OBJC_ISA_USAGE = YES_ERROR;
				CLANG_WARN_DOCUMENTATION_COMMENTS = YES;
				CLANG_WARN_EMPTY_BODY = YES;
				CLANG_WARN_ENUM_CONVERSION = YES;
				CLANG_WARN_INFINITE_RECURSION = YES;
				CLANG_WARN_INT_CONVERSION = YES;
				CLANG_WARN_NON_LITERAL_NULL_CONVERSION = YES;
				CLANG_WARN_OBJC_IMPLICIT_RETAIN_SELF = YES;
				CLANG_WARN_OBJC_LITERAL_CONVERSION = YES;
				CLANG_WARN_OBJC_ROOT_CLASS = YES_ERROR;
				CLANG_WARN_QUOTED_INCLUDE_IN_FRAMEWORK_HEADER = YES;
				CLANG_WARN_RANGE_LOOP_ANALYSIS = YES;
				CLANG_WARN_STRICT_PROTOTYPES = YES;
				CLANG_WARN_SUSPICIOUS_MOVE = YES;
				CLANG_WARN_UNGUARDED_AVAILABILITY = YES_AGGRESSIVE;
				CLANG_WARN_UNREACHABLE_CODE = YES;
				CLANG_WARN__DUPLICATE_METHOD_MATCH = YES;
				COPY_PHASE_STRIP = NO;
				DEBUG_INFORMATION_FORMAT = "dwarf-with-dsym";
				DEVELOPMENT_TEAM = 47J6H2LHDD;
				ENABLE_NS_ASSERTIONS = NO;
				ENABLE_STRICT_OBJC_MSGSEND = YES;
				ENABLE_USER_SCRIPT_SANDBOXING = YES;
				GCC_C_LANGUAGE_STANDARD = gnu17;
				GCC_NO_COMMON_BLOCKS = YES;
				GCC_WARN_64_TO_32_BIT_CONVERSION = YES;
				GCC_WARN_ABOUT_RETURN_TYPE = YES_ERROR;
				GCC_WARN_UNDECLARED_SELECTOR = YES;
				GCC_WARN_UNINITIALIZED_AUTOS = YES_AGGRESSIVE;
				GCC_WARN_UNUSED_FUNCTION = YES;
				GCC_WARN_UNUSED_VARIABLE = YES;
				IPHONEOS_DEPLOYMENT_TARGET = 26.0;
				LOCALIZATION_PREFERS_STRING_CATALOGS = YES;
				MTL_ENABLE_DEBUG_INFO = NO;
				MTL_FAST_MATH = YES;
				SDKROOT = iphoneos;
				SWIFT_COMPILATION_MODE = wholemodule;
				VALIDATE_PRODUCT = YES;
			};
			name = Release;
		};
		B9BB572C2DF8CE4700B7E1E7 /* Debug */ = {
			isa = XCBuildConfiguration;
			buildSettings = {
				BUNDLE_LOADER = "$(TEST_HOST)";
				CODE_SIGN_STYLE = Automatic;
				CURRENT_PROJECT_VERSION = 1;
				DEVELOPMENT_TEAM = 47J6H2LHDD;
				GENERATE_INFOPLIST_FILE = YES;
				IPHONEOS_DEPLOYMENT_TARGET = 26.0;
				MARKETING_VERSION = 1.0;
				PRODUCT_BUNDLE_IDENTIFIER = "com.doorhingeapps.Aura-2-0Tests";
				PRODUCT_NAME = "$(TARGET_NAME)";
				STRING_CATALOG_GENERATE_SYMBOLS = NO;
				SWIFT_EMIT_LOC_STRINGS = NO;
				SWIFT_UPCOMING_FEATURE_MEMBER_IMPORT_VISIBILITY = YES;
				SWIFT_VERSION = 5.0;
				TARGETED_DEVICE_FAMILY = "1,2";
				TEST_HOST = "$(BUILT_PRODUCTS_DIR)/Aura 2.0.app/$(BUNDLE_EXECUTABLE_FOLDER_PATH)/Aura 2.0";
			};
			name = Debug;
		};
		B9BB572D2DF8CE4700B7E1E7 /* Release */ = {
			isa = XCBuildConfiguration;
			buildSettings = {
				BUNDLE_LOADER = "$(TEST_HOST)";
				CODE_SIGN_STYLE = Automatic;
				CURRENT_PROJECT_VERSION = 1;
				DEVELOPMENT_TEAM = 47J6H2LHDD;
				GENERATE_INFOPLIST_FILE = YES;
				IPHONEOS_DEPLOYMENT_TARGET = 26.0;
				MARKETING_VERSION = 1.0;
				PRODUCT_BUNDLE_IDENTIFIER = "com.doorhingeapps.Aura-2-0Tests";
				PRODUCT_NAME = "$(TARGET_NAME)";
				STRING_CATALOG_GENERATE_SYMBOLS = NO;
				SWIFT_EMIT_LOC_STRINGS = NO;
				SWIFT_UPCOMING_FEATURE_MEMBER_IMPORT_VISIBILITY = YES;
				SWIFT_VERSION = 5.0;
				TARGETED_DEVICE_FAMILY = "1,2";
				TEST_HOST = "$(BUILT_PRODUCTS_DIR)/Aura 2.0.app/$(BUNDLE_EXECUTABLE_FOLDER_PATH)/Aura 2.0";
			};
			name = Release;
		};
		B9BB572F2DF8CE4700B7E1E7 /* Debug */ = {
			isa = XCBuildConfiguration;
			buildSettings = {
				CODE_SIGN_STYLE = Automatic;
				CURRENT_PROJECT_VERSION = 1;
				DEVELOPMENT_TEAM = 47J6H2LHDD;
				GENERATE_INFOPLIST_FILE = YES;
				MARKETING_VERSION = 1.0;
				PRODUCT_BUNDLE_IDENTIFIER = "com.doorhingeapps.Aura-2-0UITests";
				PRODUCT_NAME = "$(TARGET_NAME)";
				STRING_CATALOG_GENERATE_SYMBOLS = NO;
				SWIFT_EMIT_LOC_STRINGS = NO;
				SWIFT_UPCOMING_FEATURE_MEMBER_IMPORT_VISIBILITY = YES;
				SWIFT_VERSION = 5.0;
				TARGETED_DEVICE_FAMILY = "1,2";
				TEST_TARGET_NAME = "Aura 2.0";
			};
			name = Debug;
		};
		B9BB57302DF8CE4700B7E1E7 /* Release */ = {
			isa = XCBuildConfiguration;
			buildSettings = {
				CODE_SIGN_STYLE = Automatic;
				CURRENT_PROJECT_VERSION = 1;
				DEVELOPMENT_TEAM = 47J6H2LHDD;
				GENERATE_INFOPLIST_FILE = YES;
				MARKETING_VERSION = 1.0;
				PRODUCT_BUNDLE_IDENTIFIER = "com.doorhingeapps.Aura-2-0UITests";
				PRODUCT_NAME = "$(TARGET_NAME)";
				STRING_CATALOG_GENERATE_SYMBOLS = NO;
				SWIFT_EMIT_LOC_STRINGS = NO;
				SWIFT_UPCOMING_FEATURE_MEMBER_IMPORT_VISIBILITY = YES;
				SWIFT_VERSION = 5.0;
				TARGETED_DEVICE_FAMILY = "1,2";
				TEST_TARGET_NAME = "Aura 2.0";
			};
			name = Release;
		};
/* End XCBuildConfiguration section */

/* Begin XCConfigurationList section */
		B9BB56FD2DF8CE4500B7E1E7 /* Build configuration list for PBXProject "Aura 2.0" */ = {
			isa = XCConfigurationList;
			buildConfigurations = (
				B9BB57292DF8CE4700B7E1E7 /* Debug */,
				B9BB572A2DF8CE4700B7E1E7 /* Release */,
			);
			defaultConfigurationIsVisible = 0;
			defaultConfigurationName = Release;
		};
		B9BB57262DF8CE4700B7E1E7 /* Build configuration list for PBXNativeTarget "Aura 2.0" */ = {
			isa = XCConfigurationList;
			buildConfigurations = (
				B9BB57272DF8CE4700B7E1E7 /* Debug */,
				B9BB57282DF8CE4700B7E1E7 /* Release */,
			);
			defaultConfigurationIsVisible = 0;
			defaultConfigurationName = Release;
		};
		B9BB572B2DF8CE4700B7E1E7 /* Build configuration list for PBXNativeTarget "Aura 2.0Tests" */ = {
			isa = XCConfigurationList;
			buildConfigurations = (
				B9BB572C2DF8CE4700B7E1E7 /* Debug */,
				B9BB572D2DF8CE4700B7E1E7 /* Release */,
			);
			defaultConfigurationIsVisible = 0;
			defaultConfigurationName = Release;
		};
		B9BB572E2DF8CE4700B7E1E7 /* Build configuration list for PBXNativeTarget "Aura 2.0UITests" */ = {
			isa = XCConfigurationList;
			buildConfigurations = (
				B9BB572F2DF8CE4700B7E1E7 /* Debug */,
				B9BB57302DF8CE4700B7E1E7 /* Release */,
			);
			defaultConfigurationIsVisible = 0;
			defaultConfigurationName = Release;
		};
/* End XCConfigurationList section */
	};
	rootObject = B9BB56FA2DF8CE4500B7E1E7 /* Project object */;
}
