// !$*UTF8*$!
{
	archiveVersion = 1;
	classes = {
	};
	objectVersion = 77;
	objects = {

/* Begin PBXBuildFile section */
		B95A809E2DFD26BA007FE1F4 /* Toolbar.swift in Sources */ = {isa = PBXBuildFile; fileRef = B95A809D2DFD26BA007FE1F4 /* Toolbar.swift */; };
		B95A80A32DFD4D41007FE1F4 /* Settings.swift in Sources */ = {isa = PBXBuildFile; fileRef = B95A80A22DFD4D41007FE1F4 /* Settings.swift */; };
		B95A80D52E02BAAF007FE1F4 /* GeneralSettings.swift in Sources */ = {isa = PBXBuildFile; fileRef = B95A80D42E02BAAF007FE1F4 /* GeneralSettings.swift */; };
		B95A80D72E02BD10007FE1F4 /* MotionManager.swift in Sources */ = {isa = PBXBuildFile; fileRef = B95A80D62E02BD10007FE1F4 /* MotionManager.swift */; };
		B95A80D92E02C0DC007FE1F4 /* HoverDisabledVision.swift in Sources */ = {isa = PBXBuildFile; fileRef = B95A80D82E02C0DC007FE1F4 /* HoverDisabledVision.swift */; };
		B95A80E12E035199007FE1F4 /* AppearanceSettings.swift in Sources */ = {isa = PBXBuildFile; fileRef = B95A80E02E035199007FE1F4 /* AppearanceSettings.swift */; };
		B95A80E32E03896A007FE1F4 /* Settings Images.xcassets in Resources */ = {isa = PBXBuildFile; fileRef = B95A80E22E03896A007FE1F4 /* Settings Images.xcassets */; };
		B978E16F2E038D9D00146E9B /* Aura.icon in Resources */ = {isa = PBXBuildFile; fileRef = B978E16E2E038D9D00146E9B /* Aura.icon */; };
		B9B004E62DF8D16E00B79152 /* StoredTab.swift in Sources */ = {isa = PBXBuildFile; fileRef = B9B004E52DF8D16E00B79152 /* StoredTab.swift */; };
		B9B004E82DF8D18200B79152 /* BrowserTab.swift in Sources */ = {isa = PBXBuildFile; fileRef = B9B004E72DF8D18200B79152 /* BrowserTab.swift */; };
		B9B004EA2DF8D1F400B79152 /* TabType.swift in Sources */ = {isa = PBXBuildFile; fileRef = B9B004E92DF8D1F400B79152 /* TabType.swift */; };
		B9B004EC2DF8D35A00B79152 /* TabLoadingData.swift in Sources */ = {isa = PBXBuildFile; fileRef = B9B004EB2DF8D35A00B79152 /* TabLoadingData.swift */; };
		B9B004EF2DF96BE600B79152 /* AuraSchemeHandler.swift in Sources */ = {isa = PBXBuildFile; fileRef = B9B004EE2DF96BE600B79152 /* AuraSchemeHandler.swift */; };
		B9B004F32DF96DC400B79152 /* SpaceData.swift in Sources */ = {isa = PBXBuildFile; fileRef = B9B004F22DF96DC400B79152 /* SpaceData.swift */; };
		B9B004F62DF96E5100B79152 /* SpaceBackgroundType.swift in Sources */ = {isa = PBXBuildFile; fileRef = B9B004F52DF96E5100B79152 /* SpaceBackgroundType.swift */; };
		B9B004F82DF97CAA00B79152 /* Sidebar.swift in Sources */ = {isa = PBXBuildFile; fileRef = B9B004F72DF97CAA00B79152 /* Sidebar.swift */; };
		B9B004FA2DF97CB400B79152 /* WebsitePanel.swift in Sources */ = {isa = PBXBuildFile; fileRef = B9B004F92DF97CB400B79152 /* WebsitePanel.swift */; };
		B9B004FD2DF97F0200B79152 /* hex.swift in Sources */ = {isa = PBXBuildFile; fileRef = B9B004FC2DF97F0200B79152 /* hex.swift */; };
		B9B005002DF9836F00B79152 /* UIViewModel.swift in Sources */ = {isa = PBXBuildFile; fileRef = B9B004FF2DF9836F00B79152 /* UIViewModel.swift */; };
		B9B005042DFA091B00B79152 /* Launch Screen.storyboard in Resources */ = {isa = PBXBuildFile; fileRef = B9B005012DFA091B00B79152 /* Launch Screen.storyboard */; };
		B9B005052DFA091B00B79152 /* Launch Animation.swift in Sources */ = {isa = PBXBuildFile; fileRef = B9B005022DFA091B00B79152 /* Launch Animation.swift */; };
		B9B005072DFA0AF500B79152 /* SplitViewTab.swift in Sources */ = {isa = PBXBuildFile; fileRef = B9B005062DFA0AF500B79152 /* SplitViewTab.swift */; };
		B9B005092DFA10B000B79152 /* URLFormatters.swift in Sources */ = {isa = PBXBuildFile; fileRef = B9B005082DFA10B000B79152 /* URLFormatters.swift */; };
		B9B0050B2DFA16CF00B79152 /* ContentContainer.swift in Sources */ = {isa = PBXBuildFile; fileRef = B9B0050A2DFA16CF00B79152 /* ContentContainer.swift */; };
		B9B0050D2DFA71BF00B79152 /* WebMetadata.swift in Sources */ = {isa = PBXBuildFile; fileRef = B9B0050C2DFA71BF00B79152 /* WebMetadata.swift */; };
		B9B0050F2DFA740700B79152 /* SettingsManager.swift in Sources */ = {isa = PBXBuildFile; fileRef = B9B0050E2DFA740700B79152 /* SettingsManager.swift */; };
		B9B005152DFA7D3300B79152 /* Favicon.swift in Sources */ = {isa = PBXBuildFile; fileRef = B9B005142DFA7D3300B79152 /* Favicon.swift */; };
		B9B005182DFA7D9000B79152 /* SDWebImageSwiftUI in Frameworks */ = {isa = PBXBuildFile; productRef = B9B005172DFA7D9000B79152 /* SDWebImageSwiftUI */; };
		B9B0051A2DFA7E1600B79152 /* LoadingIndicators.swift in Sources */ = {isa = PBXBuildFile; fileRef = B9B005192DFA7E1600B79152 /* LoadingIndicators.swift */; };
		B9B0051D2DFA834500B79152 /* TabsManager.swift in Sources */ = {isa = PBXBuildFile; fileRef = B9B0051C2DFA834500B79152 /* TabsManager.swift */; };
		B9B0051F2DFAA2BC00B79152 /* CommandBar.swift in Sources */ = {isa = PBXBuildFile; fileRef = B9B0051E2DFAA2BC00B79152 /* CommandBar.swift */; };
		B9B0052E2DFC045F00B79152 /* Inspector.swift in Sources */ = {isa = PBXBuildFile; fileRef = B9B0052D2DFC045F00B79152 /* Inspector.swift */; };
		B9BB57382DF8CE6F00B7E1E7 /* Aura_2_0App.swift in Sources */ = {isa = PBXBuildFile; fileRef = B9BB57332DF8CE6F00B7E1E7 /* Aura_2_0App.swift */; };
		B9BB57392DF8CE6F00B7E1E7 /* ContentView.swift in Sources */ = {isa = PBXBuildFile; fileRef = B9BB57342DF8CE6F00B7E1E7 /* ContentView.swift */; };
		B9BB573B2DF8CE6F00B7E1E7 /* Assets.xcassets in Resources */ = {isa = PBXBuildFile; fileRef = B9BB57312DF8CE6F00B7E1E7 /* Assets.xcassets */; };
		B9BB573F2DF8D07200B7E1E7 /* StorageManager.swift in Sources */ = {isa = PBXBuildFile; fileRef = B9BB573E2DF8D07200B7E1E7 /* StorageManager.swift */; };
		B9EDF1492E051DFA00A4E63A /* PrimaryTabs.swift in Sources */ = {isa = PBXBuildFile; fileRef = B9EDF1482E051DFA00A4E63A /* PrimaryTabs.swift */; };
/* End PBXBuildFile section */

/* Begin PBXContainerItemProxy section */
		B9BB57142DF8CE4700B7E1E7 /* PBXContainerItemProxy */ = {
			isa = PBXContainerItemProxy;
			containerPortal = B9BB56FA2DF8CE4500B7E1E7 /* Project object */;
			proxyType = 1;
			remoteGlobalIDString = B9BB57012DF8CE4500B7E1E7;
			remoteInfo = "Aura 2.0";
		};
		B9BB571E2DF8CE4700B7E1E7 /* PBXContainerItemProxy */ = {
			isa = PBXContainerItemProxy;
			containerPortal = B9BB56FA2DF8CE4500B7E1E7 /* Project object */;
			proxyType = 1;
			remoteGlobalIDString = B9BB57012DF8CE4500B7E1E7;
			remoteInfo = "Aura 2.0";
		};
/* End PBXContainerItemProxy section */

/* Begin PBXFileReference section */
		B95A809D2DFD26BA007FE1F4 /* Toolbar.swift */ = {isa = PBXFileReference; lastKnownFileType = sourcecode.swift; path = Toolbar.swift; sourceTree = "<group>"; };
		B95A80A22DFD4D41007FE1F4 /* Settings.swift */ = {isa = PBXFileReference; lastKnownFileType = sourcecode.swift; path = Settings.swift; sourceTree = "<group>"; };
		B95A80D42E02BAAF007FE1F4 /* GeneralSettings.swift */ = {isa = PBXFileReference; lastKnownFileType = sourcecode.swift; path = GeneralSettings.swift; sourceTree = "<group>"; };
		B95A80D62E02BD10007FE1F4 /* MotionManager.swift */ = {isa = PBXFileReference; lastKnownFileType = sourcecode.swift; path = MotionManager.swift; sourceTree = "<group>"; };
		B95A80D82E02C0DC007FE1F4 /* HoverDisabledVision.swift */ = {isa = PBXFileReference; lastKnownFileType = sourcecode.swift; path = HoverDisabledVision.swift; sourceTree = "<group>"; };
		B95A80E02E035199007FE1F4 /* AppearanceSettings.swift */ = {isa = PBXFileReference; lastKnownFileType = sourcecode.swift; path = AppearanceSettings.swift; sourceTree = "<group>"; };
		B95A80E22E03896A007FE1F4 /* Settings Images.xcassets */ = {isa = PBXFileReference; lastKnownFileType = folder.assetcatalog; path = "Settings Images.xcassets"; sourceTree = "<group>"; };
		B978E16E2E038D9D00146E9B /* Aura.icon */ = {isa = PBXFileReference; lastKnownFileType = folder.iconcomposer.icon; path = Aura.icon; sourceTree = "<group>"; };
		B9B004E52DF8D16E00B79152 /* StoredTab.swift */ = {isa = PBXFileReference; lastKnownFileType = sourcecode.swift; path = StoredTab.swift; sourceTree = "<group>"; };
		B9B004E72DF8D18200B79152 /* BrowserTab.swift */ = {isa = PBXFileReference; lastKnownFileType = sourcecode.swift; path = BrowserTab.swift; sourceTree = "<group>"; };
		B9B004E92DF8D1F400B79152 /* TabType.swift */ = {isa = PBXFileReference; lastKnownFileType = sourcecode.swift; path = TabType.swift; sourceTree = "<group>"; };
		B9B004EB2DF8D35A00B79152 /* TabLoadingData.swift */ = {isa = PBXFileReference; lastKnownFileType = sourcecode.swift; path = TabLoadingData.swift; sourceTree = "<group>"; };
		B9B004EE2DF96BE600B79152 /* AuraSchemeHandler.swift */ = {isa = PBXFileReference; lastKnownFileType = sourcecode.swift; path = AuraSchemeHandler.swift; sourceTree = "<group>"; };
		B9B004F22DF96DC400B79152 /* SpaceData.swift */ = {isa = PBXFileReference; lastKnownFileType = sourcecode.swift; path = SpaceData.swift; sourceTree = "<group>"; };
		B9B004F52DF96E5100B79152 /* SpaceBackgroundType.swift */ = {isa = PBXFileReference; lastKnownFileType = sourcecode.swift; path = SpaceBackgroundType.swift; sourceTree = "<group>"; };
		B9B004F72DF97CAA00B79152 /* Sidebar.swift */ = {isa = PBXFileReference; lastKnownFileType = sourcecode.swift; path = Sidebar.swift; sourceTree = "<group>"; };
		B9B004F92DF97CB400B79152 /* WebsitePanel.swift */ = {isa = PBXFileReference; lastKnownFileType = sourcecode.swift; path = WebsitePanel.swift; sourceTree = "<group>"; };
		B9B004FC2DF97F0200B79152 /* hex.swift */ = {isa = PBXFileReference; lastKnownFileType = sourcecode.swift; path = hex.swift; sourceTree = "<group>"; };
		B9B004FF2DF9836F00B79152 /* UIViewModel.swift */ = {isa = PBXFileReference; lastKnownFileType = sourcecode.swift; path = UIViewModel.swift; sourceTree = "<group>"; };
		B9B005012DFA091B00B79152 /* Launch Screen.storyboard */ = {isa = PBXFileReference; lastKnownFileType = file.storyboard; path = "Launch Screen.storyboard"; sourceTree = "<group>"; };
		B9B005022DFA091B00B79152 /* Launch Animation.swift */ = {isa = PBXFileReference; lastKnownFileType = sourcecode.swift; path = "Launch Animation.swift"; sourceTree = "<group>"; };
		B9B005062DFA0AF500B79152 /* SplitViewTab.swift */ = {isa = PBXFileReference; lastKnownFileType = sourcecode.swift; path = SplitViewTab.swift; sourceTree = "<group>"; };
		B9B005082DFA10B000B79152 /* URLFormatters.swift */ = {isa = PBXFileReference; lastKnownFileType = sourcecode.swift; path = URLFormatters.swift; sourceTree = "<group>"; };
		B9B0050A2DFA16CF00B79152 /* ContentContainer.swift */ = {isa = PBXFileReference; lastKnownFileType = sourcecode.swift; path = ContentContainer.swift; sourceTree = "<group>"; };
		B9B0050C2DFA71BF00B79152 /* WebMetadata.swift */ = {isa = PBXFileReference; lastKnownFileType = sourcecode.swift; path = WebMetadata.swift; sourceTree = "<group>"; };
		B9B0050E2DFA740700B79152 /* SettingsManager.swift */ = {isa = PBXFileReference; lastKnownFileType = sourcecode.swift; path = SettingsManager.swift; sourceTree = "<group>"; };
		B9B005142DFA7D3300B79152 /* Favicon.swift */ = {isa = PBXFileReference; lastKnownFileType = sourcecode.swift; path = Favicon.swift; sourceTree = "<group>"; };
		B9B005192DFA7E1600B79152 /* LoadingIndicators.swift */ = {isa = PBXFileReference; lastKnownFileType = sourcecode.swift; path = LoadingIndicators.swift; sourceTree = "<group>"; };
		B9B0051C2DFA834500B79152 /* TabsManager.swift */ = {isa = PBXFileReference; lastKnownFileType = sourcecode.swift; path = TabsManager.swift; sourceTree = "<group>"; };
		B9B0051E2DFAA2BC00B79152 /* CommandBar.swift */ = {isa = PBXFileReference; lastKnownFileType = sourcecode.swift; path = CommandBar.swift; sourceTree = "<group>"; };
		B9B0052D2DFC045F00B79152 /* Inspector.swift */ = {isa = PBXFileReference; lastKnownFileType = sourcecode.swift; path = Inspector.swift; sourceTree = "<group>"; };
		B9BB57022DF8CE4500B7E1E7 /* Aura 2.0.app */ = {isa = PBXFileReference; explicitFileType = wrapper.application; includeInIndex = 0; path = "Aura 2.0.app"; sourceTree = BUILT_PRODUCTS_DIR; };
		B9BB57132DF8CE4700B7E1E7 /* Aura 2.0Tests.xctest */ = {isa = PBXFileReference; explicitFileType = wrapper.cfbundle; includeInIndex = 0; path = "Aura 2.0Tests.xctest"; sourceTree = BUILT_PRODUCTS_DIR; };
		B9BB571D2DF8CE4700B7E1E7 /* Aura 2.0UITests.xctest */ = {isa = PBXFileReference; explicitFileType = wrapper.cfbundle; includeInIndex = 0; path = "Aura 2.0UITests.xctest"; sourceTree = BUILT_PRODUCTS_DIR; };
		B9BB57312DF8CE6F00B7E1E7 /* Assets.xcassets */ = {isa = PBXFileReference; lastKnownFileType = folder.assetcatalog; path = Assets.xcassets; sourceTree = "<group>"; };
		B9BB57322DF8CE6F00B7E1E7 /* Aura_2_0.entitlements */ = {isa = PBXFileReference; lastKnownFileType = text.plist.entitlements; path = Aura_2_0.entitlements; sourceTree = "<group>"; };
		B9BB57332DF8CE6F00B7E1E7 /* Aura_2_0App.swift */ = {isa = PBXFileReference; lastKnownFileType = sourcecode.swift; path = Aura_2_0App.swift; sourceTree = "<group>"; };
		B9BB57342DF8CE6F00B7E1E7 /* ContentView.swift */ = {isa = PBXFileReference; lastKnownFileType = sourcecode.swift; path = ContentView.swift; sourceTree = "<group>"; };
		B9BB57352DF8CE6F00B7E1E7 /* Info.plist */ = {isa = PBXFileReference; lastKnownFileType = text.plist.xml; path = Info.plist; sourceTree = "<group>"; };
		B9BB573E2DF8D07200B7E1E7 /* StorageManager.swift */ = {isa = PBXFileReference; lastKnownFileType = sourcecode.swift; path = StorageManager.swift; sourceTree = "<group>"; };
		B9EDF1482E051DFA00A4E63A /* PrimaryTabs.swift */ = {isa = PBXFileReference; lastKnownFileType = sourcecode.swift; path = PrimaryTabs.swift; sourceTree = "<group>"; };
/* End PBXFileReference section */

/* Begin PBXFileSystemSynchronizedRootGroup section */
		B9BB57162DF8CE4700B7E1E7 /* Aura 2.0Tests */ = {
			isa = PBXFileSystemSynchronizedRootGroup;
			path = "Aura 2.0Tests";
			sourceTree = "<group>";
		};
		B9BB57202DF8CE4700B7E1E7 /* Aura 2.0UITests */ = {
			isa = PBXFileSystemSynchronizedRootGroup;
			path = "Aura 2.0UITests";
			sourceTree = "<group>";
		};
/* End PBXFileSystemSynchronizedRootGroup section */

/* Begin PBXFrameworksBuildPhase section */
		B9BB56FF2DF8CE4500B7E1E7 /* Frameworks */ = {
			isa = PBXFrameworksBuildPhase;
			buildActionMask = 2147483647;
			files = (
				B9B005182DFA7D9000B79152 /* SDWebImageSwiftUI in Frameworks */,
			);
			runOnlyForDeploymentPostprocessing = 0;
		};
		B9BB57102DF8CE4700B7E1E7 /* Frameworks */ = {
			isa = PBXFrameworksBuildPhase;
			buildActionMask = 2147483647;
			files = (
			);
			runOnlyForDeploymentPostprocessing = 0;
		};
		B9BB571A2DF8CE4700B7E1E7 /* Frameworks */ = {
			isa = PBXFrameworksBuildPhase;
			buildActionMask = 2147483647;
			files = (
			);
			runOnlyForDeploymentPostprocessing = 0;
		};
/* End PBXFrameworksBuildPhase section */

/* Begin PBXGroup section */
		B95A809C2DFD26AB007FE1F4 /* Sidebar Components */ = {
			isa = PBXGroup;
			children = (
				B9B004F72DF97CAA00B79152 /* Sidebar.swift */,
				B9EDF1472E051DC800A4E63A /* Tab Sections */,
				B95A809D2DFD26BA007FE1F4 /* Toolbar.swift */,
			);
			path = "Sidebar Components";
			sourceTree = "<group>";
		};
		B95A809F2DFD4021007FE1F4 /* Side Panels */ = {
			isa = PBXGroup;
			children = (
				B95A80A02DFD4035007FE1F4 /* AI Stuff */,
				B9B0052F2DFC046200B79152 /* Inspector */,
			);
			path = "Side Panels";
			sourceTree = "<group>";
		};
		B95A80A02DFD4035007FE1F4 /* AI Stuff */ = {
			isa = PBXGroup;
			children = (
			);
			path = "AI Stuff";
			sourceTree = "<group>";
		};
		B95A80A12DFD4D39007FE1F4 /* Settings */ = {
			isa = PBXGroup;
			children = (
				B95A80A22DFD4D41007FE1F4 /* Settings.swift */,
				B95A80E42E038971007FE1F4 /* Subpages */,
				B95A80E52E038980007FE1F4 /* Components */,
			);
			path = Settings;
			sourceTree = "<group>";
		};
		B95A80E42E038971007FE1F4 /* Subpages */ = {
			isa = PBXGroup;
			children = (
				B95A80D42E02BAAF007FE1F4 /* GeneralSettings.swift */,
				B95A80E02E035199007FE1F4 /* AppearanceSettings.swift */,
			);
			path = Subpages;
			sourceTree = "<group>";
		};
		B95A80E52E038980007FE1F4 /* Components */ = {
			isa = PBXGroup;
			children = (
				B95A80D62E02BD10007FE1F4 /* MotionManager.swift */,
				B95A80E22E03896A007FE1F4 /* Settings Images.xcassets */,
			);
			path = Components;
			sourceTree = "<group>";
		};
		B9B004ED2DF96BCD00B79152 /* Scheme Handlers */ = {
			isa = PBXGroup;
			children = (
				B9B004EE2DF96BE600B79152 /* AuraSchemeHandler.swift */,
			);
			path = "Scheme Handlers";
			sourceTree = "<group>";
		};
		B9B004F02DF96C0E00B79152 /* Core */ = {
			isa = PBXGroup;
			children = (
				B9BB57402DF8D10300B7E1E7 /* Storage */,
				B9B004FE2DF9836000B79152 /* ViewModels */,
				B9B004F12DF96C6D00B79152 /* Browsing Management */,
			);
			path = Core;
			sourceTree = "<group>";
		};
		B9B004F12DF96C6D00B79152 /* Browsing Management */ = {
			isa = PBXGroup;
			children = (
				B9B004ED2DF96BCD00B79152 /* Scheme Handlers */,
			);
			path = "Browsing Management";
			sourceTree = "<group>";
		};
		B9B004F42DF96E4200B79152 /* Spaces */ = {
			isa = PBXGroup;
			children = (
				B9B004F22DF96DC400B79152 /* SpaceData.swift */,
				B9B004F52DF96E5100B79152 /* SpaceBackgroundType.swift */,
			);
			path = Spaces;
			sourceTree = "<group>";
		};
		B9B004FB2DF97EFB00B79152 /* Helpers */ = {
			isa = PBXGroup;
			children = (
				B9B004FC2DF97F0200B79152 /* hex.swift */,
				B9B005082DFA10B000B79152 /* URLFormatters.swift */,
				B95A80D82E02C0DC007FE1F4 /* HoverDisabledVision.swift */,
			);
			path = Helpers;
			sourceTree = "<group>";
		};
		B9B004FE2DF9836000B79152 /* ViewModels */ = {
			isa = PBXGroup;
			children = (
				B9BB573E2DF8D07200B7E1E7 /* StorageManager.swift */,
				B9B0051C2DFA834500B79152 /* TabsManager.swift */,
				B9B0050E2DFA740700B79152 /* SettingsManager.swift */,
				B9B004FF2DF9836F00B79152 /* UIViewModel.swift */,
			);
			path = ViewModels;
			sourceTree = "<group>";
		};
		B9B005032DFA091B00B79152 /* Launch Screen */ = {
			isa = PBXGroup;
			children = (
				B9B005012DFA091B00B79152 /* Launch Screen.storyboard */,
				B9B005022DFA091B00B79152 /* Launch Animation.swift */,
			);
			path = "Launch Screen";
			sourceTree = "<group>";
		};
		B9B005162DFA7D9000B79152 /* Frameworks */ = {
			isa = PBXGroup;
			children = (
			);
			name = Frameworks;
			sourceTree = "<group>";
		};
		B9B0051B2DFA7E1E00B79152 /* Favicon */ = {
			isa = PBXGroup;
			children = (
				B9B005142DFA7D3300B79152 /* Favicon.swift */,
				B9B005192DFA7E1600B79152 /* LoadingIndicators.swift */,
			);
			path = Favicon;
			sourceTree = "<group>";
		};
		B9B0052F2DFC046200B79152 /* Inspector */ = {
			isa = PBXGroup;
			children = (
				B9B0052D2DFC045F00B79152 /* Inspector.swift */,
			);
			path = Inspector;
			sourceTree = "<group>";
		};
		B9BB56F92DF8CE4500B7E1E7 = {
			isa = PBXGroup;
			children = (
				B9BB57372DF8CE6F00B7E1E7 /* Aura 2.0 */,
				B9BB57162DF8CE4700B7E1E7 /* Aura 2.0Tests */,
				B9BB57202DF8CE4700B7E1E7 /* Aura 2.0UITests */,
				B9B005162DFA7D9000B79152 /* Frameworks */,
				B9BB57032DF8CE4500B7E1E7 /* Products */,
			);
			sourceTree = "<group>";
		};
		B9BB57032DF8CE4500B7E1E7 /* Products */ = {
			isa = PBXGroup;
			children = (
				B9BB57022DF8CE4500B7E1E7 /* Aura 2.0.app */,
				B9BB57132DF8CE4700B7E1E7 /* Aura 2.0Tests.xctest */,
				B9BB571D2DF8CE4700B7E1E7 /* Aura 2.0UITests.xctest */,
			);
			name = Products;
			sourceTree = "<group>";
		};
		B9BB57372DF8CE6F00B7E1E7 /* Aura 2.0 */ = {
			isa = PBXGroup;
			children = (
				B9BB57312DF8CE6F00B7E1E7 /* Assets.xcassets */,
				B978E16E2E038D9D00146E9B /* Aura.icon */,
				B9BB57322DF8CE6F00B7E1E7 /* Aura_2_0.entitlements */,
				B9BB57332DF8CE6F00B7E1E7 /* Aura_2_0App.swift */,
				B9B0050A2DFA16CF00B79152 /* ContentContainer.swift */,
				B9BB573D2DF8CE7D00B7E1E7 /* UI */,
				B9B004F02DF96C0E00B79152 /* Core */,
				B9B004FB2DF97EFB00B79152 /* Helpers */,
				B9BB57352DF8CE6F00B7E1E7 /* Info.plist */,
			);
			path = "Aura 2.0";
			sourceTree = "<group>";
		};
		B9BB573D2DF8CE7D00B7E1E7 /* UI */ = {
			isa = PBXGroup;
			children = (
				B9BB57342DF8CE6F00B7E1E7 /* ContentView.swift */,
				B9B0051E2DFAA2BC00B79152 /* CommandBar.swift */,
				B95A80A12DFD4D39007FE1F4 /* Settings */,
				B95A809C2DFD26AB007FE1F4 /* Sidebar Components */,
				B95A809F2DFD4021007FE1F4 /* Side Panels */,
				B9B0051B2DFA7E1E00B79152 /* Favicon */,
				B9B004F92DF97CB400B79152 /* WebsitePanel.swift */,
				B9B005032DFA091B00B79152 /* Launch Screen */,
			);
			path = UI;
			sourceTree = "<group>";
		};
		B9BB57402DF8D10300B7E1E7 /* Storage */ = {
			isa = PBXGroup;
			children = (
				B9B004F42DF96E4200B79152 /* Spaces */,
				B9B004E52DF8D16E00B79152 /* StoredTab.swift */,
				B9B005062DFA0AF500B79152 /* SplitViewTab.swift */,
				B9B0050C2DFA71BF00B79152 /* WebMetadata.swift */,
				B9B004EB2DF8D35A00B79152 /* TabLoadingData.swift */,
				B9B004E72DF8D18200B79152 /* BrowserTab.swift */,
				B9B004E92DF8D1F400B79152 /* TabType.swift */,
			);
			path = Storage;
			sourceTree = "<group>";
		};
		B9EDF1472E051DC800A4E63A /* Tab Sections */ = {
			isa = PBXGroup;
			children = (
				B9EDF1482E051DFA00A4E63A /* PrimaryTabs.swift */,
			);
			path = "Tab Sections";
			sourceTree = "<group>";
		};
/* End PBXGroup section */

/* Begin PBXNativeTarget section */
		B9BB57012DF8CE4500B7E1E7 /* Aura 2.0 */ = {
			isa = PBXNativeTarget;
			buildConfigurationList = B9BB57262DF8CE4700B7E1E7 /* Build configuration list for PBXNativeTarget "Aura 2.0" */;
			buildPhases = (
				B9BB56FE2DF8CE4500B7E1E7 /* Sources */,
				B9BB56FF2DF8CE4500B7E1E7 /* Frameworks */,
				B9BB57002DF8CE4500B7E1E7 /* Resources */,
			);
			buildRules = (
			);
			dependencies = (
			);
			name = "Aura 2.0";
			packageProductDependencies = (
				B9B005172DFA7D9000B79152 /* SDWebImageSwiftUI */,
			);
			productName = "Aura 2.0";
			productReference = B9BB57022DF8CE4500B7E1E7 /* Aura 2.0.app */;
			productType = "com.apple.product-type.application";
		};
		B9BB57122DF8CE4700B7E1E7 /* Aura 2.0Tests */ = {
			isa = PBXNativeTarget;
			buildConfigurationList = B9BB572B2DF8CE4700B7E1E7 /* Build configuration list for PBXNativeTarget "Aura 2.0Tests" */;
			buildPhases = (
				B9BB570F2DF8CE4700B7E1E7 /* Sources */,
				B9BB57102DF8CE4700B7E1E7 /* Frameworks */,
				B9BB57112DF8CE4700B7E1E7 /* Resources */,
			);
			buildRules = (
			);
			dependencies = (
				B9BB57152DF8CE4700B7E1E7 /* PBXTargetDependency */,
			);
			fileSystemSynchronizedGroups = (
				B9BB57162DF8CE4700B7E1E7 /* Aura 2.0Tests */,
			);
			name = "Aura 2.0Tests";
			packageProductDependencies = (
			);
			productName = "Aura 2.0Tests";
			productReference = B9BB57132DF8CE4700B7E1E7 /* Aura 2.0Tests.xctest */;
			productType = "com.apple.product-type.bundle.unit-test";
		};
		B9BB571C2DF8CE4700B7E1E7 /* Aura 2.0UITests */ = {
			isa = PBXNativeTarget;
			buildConfigurationList = B9BB572E2DF8CE4700B7E1E7 /* Build configuration list for PBXNativeTarget "Aura 2.0UITests" */;
			buildPhases = (
				B9BB57192DF8CE4700B7E1E7 /* Sources */,
				B9BB571A2DF8CE4700B7E1E7 /* Frameworks */,
				B9BB571B2DF8CE4700B7E1E7 /* Resources */,
			);
			buildRules = (
			);
			dependencies = (
				B9BB571F2DF8CE4700B7E1E7 /* PBXTargetDependency */,
			);
			fileSystemSynchronizedGroups = (
				B9BB57202DF8CE4700B7E1E7 /* Aura 2.0UITests */,
			);
			name = "Aura 2.0UITests";
			packageProductDependencies = (
			);
			productName = "Aura 2.0UITests";
			productReference = B9BB571D2DF8CE4700B7E1E7 /* Aura 2.0UITests.xctest */;
			productType = "com.apple.product-type.bundle.ui-testing";
		};
/* End PBXNativeTarget section */

/* Begin PBXProject section */
		B9BB56FA2DF8CE4500B7E1E7 /* Project object */ = {
			isa = PBXProject;
			attributes = {
				BuildIndependentTargetsInParallel = 1;
				LastSwiftUpdateCheck = 2600;
				LastUpgradeCheck = 2600;
				TargetAttributes = {
					B9BB57012DF8CE4500B7E1E7 = {
						CreatedOnToolsVersion = 26.0;
					};
					B9BB57122DF8CE4700B7E1E7 = {
						CreatedOnToolsVersion = 26.0;
						TestTargetID = B9BB57012DF8CE4500B7E1E7;
					};
					B9BB571C2DF8CE4700B7E1E7 = {
						CreatedOnToolsVersion = 26.0;
						TestTargetID = B9BB57012DF8CE4500B7E1E7;
					};
				};
			};
			buildConfigurationList = B9BB56FD2DF8CE4500B7E1E7 /* Build configuration list for PBXProject "Aura 2.0" */;
			developmentRegion = en;
			hasScannedForEncodings = 0;
			knownRegions = (
				en,
				Base,
			);
			mainGroup = B9BB56F92DF8CE4500B7E1E7;
			minimizedProjectReferenceProxies = 1;
			packageReferences = (
				B9B005132DFA7D2400B79152 /* XCRemoteSwiftPackageReference "SDWebImageSwiftUI" */,
			);
			preferredProjectObjectVersion = 77;
			productRefGroup = B9BB57032DF8CE4500B7E1E7 /* Products */;
			projectDirPath = "";
			projectRoot = "";
			targets = (
				B9BB57012DF8CE4500B7E1E7 /* Aura 2.0 */,
				B9BB57122DF8CE4700B7E1E7 /* Aura 2.0Tests */,
				B9BB571C2DF8CE4700B7E1E7 /* Aura 2.0UITests */,
			);
		};
/* End PBXProject section */

/* Begin PBXResourcesBuildPhase section */
		B9BB57002DF8CE4500B7E1E7 /* Resources */ = {
			isa = PBXResourcesBuildPhase;
			buildActionMask = 2147483647;
			files = (
				B9B005042DFA091B00B79152 /* Launch Screen.storyboard in Resources */,
				B978E16F2E038D9D00146E9B /* Aura.icon in Resources */,
				B9BB573B2DF8CE6F00B7E1E7 /* Assets.xcassets in Resources */,
				B95A80E32E03896A007FE1F4 /* Settings Images.xcassets in Resources */,
			);
			runOnlyForDeploymentPostprocessing = 0;
		};
		B9BB57112DF8CE4700B7E1E7 /* Resources */ = {
			isa = PBXResourcesBuildPhase;
			buildActionMask = 2147483647;
			files = (
			);
			runOnlyForDeploymentPostprocessing = 0;
		};
		B9BB571B2DF8CE4700B7E1E7 /* Resources */ = {
			isa = PBXResourcesBuildPhase;
			buildActionMask = 2147483647;
			files = (
			);
			runOnlyForDeploymentPostprocessing = 0;
		};
/* End PBXResourcesBuildPhase section */

/* Begin PBXSourcesBuildPhase section */
		B9BB56FE2DF8CE4500B7E1E7 /* Sources */ = {
			isa = PBXSourcesBuildPhase;
			buildActionMask = 2147483647;
			files = (
				B9B005152DFA7D3300B79152 /* Favicon.swift in Sources */,
				B95A80D72E02BD10007FE1F4 /* MotionManager.swift in Sources */,
				B95A809E2DFD26BA007FE1F4 /* Toolbar.swift in Sources */,
				B9B0051D2DFA834500B79152 /* TabsManager.swift in Sources */,
				B9B0050D2DFA71BF00B79152 /* WebMetadata.swift in Sources */,
				B9B004FA2DF97CB400B79152 /* WebsitePanel.swift in Sources */,
				B95A80D92E02C0DC007FE1F4 /* HoverDisabledVision.swift in Sources */,
				B9B0050B2DFA16CF00B79152 /* ContentContainer.swift in Sources */,
				B9B004F62DF96E5100B79152 /* SpaceBackgroundType.swift in Sources */,
				B9BB57382DF8CE6F00B7E1E7 /* Aura_2_0App.swift in Sources */,
				B9B0051F2DFAA2BC00B79152 /* CommandBar.swift in Sources */,
				B9BB57392DF8CE6F00B7E1E7 /* ContentView.swift in Sources */,
				B9B004FD2DF97F0200B79152 /* hex.swift in Sources */,
				B9B004E62DF8D16E00B79152 /* StoredTab.swift in Sources */,
				B9B005002DF9836F00B79152 /* UIViewModel.swift in Sources */,
				B9BB573F2DF8D07200B7E1E7 /* StorageManager.swift in Sources */,
				B9B005052DFA091B00B79152 /* Launch Animation.swift in Sources */,
				B9B005092DFA10B000B79152 /* URLFormatters.swift in Sources */,
				B9B0052E2DFC045F00B79152 /* Inspector.swift in Sources */,
				B9B004F32DF96DC400B79152 /* SpaceData.swift in Sources */,
				B9B004E82DF8D18200B79152 /* BrowserTab.swift in Sources */,
				B95A80E12E035199007FE1F4 /* AppearanceSettings.swift in Sources */,
				B95A80D52E02BAAF007FE1F4 /* GeneralSettings.swift in Sources */,
				B9B005072DFA0AF500B79152 /* SplitViewTab.swift in Sources */,
				B9B0051A2DFA7E1600B79152 /* LoadingIndicators.swift in Sources */,
				B9B0050F2DFA740700B79152 /* SettingsManager.swift in Sources */,
				B9EDF1492E051DFA00A4E63A /* PrimaryTabs.swift in Sources */,
				B9B004EC2DF8D35A00B79152 /* TabLoadingData.swift in Sources */,
				B9B004F82DF97CAA00B79152 /* Sidebar.swift in Sources */,
				B95A80A32DFD4D41007FE1F4 /* Settings.swift in Sources */,
				B9B004EF2DF96BE600B79152 /* AuraSchemeHandler.swift in Sources */,
				B9B004EA2DF8D1F400B79152 /* TabType.swift in Sources */,
			);
			runOnlyForDeploymentPostprocessing = 0;
		};
		B9BB570F2DF8CE4700B7E1E7 /* Sources */ = {
			isa = PBXSourcesBuildPhase;
			buildActionMask = 2147483647;
			files = (
			);
			runOnlyForDeploymentPostprocessing = 0;
		};
		B9BB57192DF8CE4700B7E1E7 /* Sources */ = {
			isa = PBXSourcesBuildPhase;
			buildActionMask = 2147483647;
			files = (
			);
			runOnlyForDeploymentPostprocessing = 0;
		};
/* End PBXSourcesBuildPhase section */

/* Begin PBXTargetDependency section */
		B9BB57152DF8CE4700B7E1E7 /* PBXTargetDependency */ = {
			isa = PBXTargetDependency;
			target = B9BB57012DF8CE4500B7E1E7 /* Aura 2.0 */;
			targetProxy = B9BB57142DF8CE4700B7E1E7 /* PBXContainerItemProxy */;
		};
		B9BB571F2DF8CE4700B7E1E7 /* PBXTargetDependency */ = {
			isa = PBXTargetDependency;
			target = B9BB57012DF8CE4500B7E1E7 /* Aura 2.0 */;
			targetProxy = B9BB571E2DF8CE4700B7E1E7 /* PBXContainerItemProxy */;
		};
/* End PBXTargetDependency section */

/* Begin XCBuildConfiguration section */
		B9BB57272DF8CE4700B7E1E7 /* Debug */ = {
			isa = XCBuildConfiguration;
			buildSettings = {
				ASSETCATALOG_COMPILER_APPICON_NAME = Aura;
				ASSETCATALOG_COMPILER_GLOBAL_ACCENT_COLOR_NAME = AccentColor;
				ASSETCATALOG_COMPILER_INCLUDE_ALL_APPICON_ASSETS = YES;
				CODE_SIGN_ENTITLEMENTS = "Aura 2.0/Aura_2_0.entitlements";
				CODE_SIGN_STYLE = Automatic;
				CURRENT_PROJECT_VERSION = 1;
				DEVELOPMENT_TEAM = 47J6H2LHDD;
				ENABLE_PREVIEWS = YES;
				GENERATE_INFOPLIST_FILE = YES;
				INFOPLIST_FILE = "Aura 2.0/Info.plist";
				INFOPLIST_KEY_CFBundleDisplayName = "Aura 2.0";
				INFOPLIST_KEY_UIApplicationSceneManifest_Generation = YES;
				INFOPLIST_KEY_UIApplicationSupportsIndirectInputEvents = YES;
				INFOPLIST_KEY_UILaunchScreen_Generation = YES;
				INFOPLIST_KEY_UILaunchStoryboardName = "";
				INFOPLIST_KEY_UISupportedInterfaceOrientations = "UIInterfaceOrientationLandscapeLeft UIInterfaceOrientationLandscapeRight UIInterfaceOrientationPortrait UIInterfaceOrientationPortraitUpsideDown";
				LD_RUNPATH_SEARCH_PATHS = (
					"$(inherited)",
					"@executable_path/Frameworks",
				);
				MARKETING_VERSION = 1.0;
				PRODUCT_BUNDLE_IDENTIFIER = "com.doorhingeapps.Aura-2-0";
				PRODUCT_NAME = "$(TARGET_NAME)";
				STRING_CATALOG_GENERATE_SYMBOLS = YES;
				SWIFT_DEFAULT_ACTOR_ISOLATION = MainActor;
				SWIFT_EMIT_LOC_STRINGS = YES;
				SWIFT_UPCOMING_FEATURE_MEMBER_IMPORT_VISIBILITY = YES;
				SWIFT_VERSION = 6.0;
				TARGETED_DEVICE_FAMILY = "1,2";
			};
			name = Debug;
		};
		B9BB57282DF8CE4700B7E1E7 /* Release */ = {
			isa = XCBuildConfiguration;
			buildSettings = {
				ASSETCATALOG_COMPILER_APPICON_NAME = Aura;
				ASSETCATALOG_COMPILER_GLOBAL_ACCENT_COLOR_NAME = AccentColor;
				ASSETCATALOG_COMPILER_INCLUDE_ALL_APPICON_ASSETS = YES;
				CODE_SIGN_ENTITLEMENTS = "Aura 2.0/Aura_2_0.entitlements";
				CODE_SIGN_STYLE = Automatic;
				CURRENT_PROJECT_VERSION = 1;
				DEVELOPMENT_TEAM = 47J6H2LHDD;
				ENABLE_PREVIEWS = YES;
				GENERATE_INFOPLIST_FILE = YES;
				INFOPLIST_FILE = "Aura 2.0/Info.plist";
				INFOPLIST_KEY_CFBundleDisplayName = "Aura 2.0";
				INFOPLIST_KEY_UIApplicationSceneManifest_Generation = YES;
				INFOPLIST_KEY_UIApplicationSupportsIndirectInputEvents = YES;
				INFOPLIST_KEY_UILaunchScreen_Generation = YES;
				INFOPLIST_KEY_UILaunchStoryboardName = "";
				INFOPLIST_KEY_UISupportedInterfaceOrientations = "UIInterfaceOrientationLandscapeLeft UIInterfaceOrientationLandscapeRight UIInterfaceOrientationPortrait UIInterfaceOrientationPortraitUpsideDown";
				LD_RUNPATH_SEARCH_PATHS = (
					"$(inherited)",
					"@executable_path/Frameworks",
				);
				MARKETING_VERSION = 1.0;
				PRODUCT_BUNDLE_IDENTIFIER = "com.doorhingeapps.Aura-2-0";
				PRODUCT_NAME = "$(TARGET_NAME)";
				STRING_CATALOG_GENERATE_SYMBOLS = YES;
				SWIFT_DEFAULT_ACTOR_ISOLATION = MainActor;
				SWIFT_EMIT_LOC_STRINGS = YES;
				SWIFT_UPCOMING_FEATURE_MEMBER_IMPORT_VISIBILITY = YES;
				SWIFT_VERSION = 6.0;
				TARGETED_DEVICE_FAMILY = "1,2";
			};
			name = Release;
		};
		B9BB57292DF8CE4700B7E1E7 /* Debug */ = {
			isa = XCBuildConfiguration;
			buildSettings = {
				ALWAYS_SEARCH_USER_PATHS = NO;
				ASSETCATALOG_COMPILER_GENERATE_SWIFT_ASSET_SYMBOL_EXTENSIONS = YES;
				CLANG_ANALYZER_NONNULL = YES;
				CLANG_ANALYZER_NUMBER_OBJECT_CONVERSION = YES_AGGRESSIVE;
				CLANG_CXX_LANGUAGE_STANDARD = "gnu++20";
				CLANG_ENABLE_MODULES = YES;
				CLANG_ENABLE_OBJC_ARC = YES;
				CLANG_ENABLE_OBJC_WEAK = YES;
				CLANG_WARN_BLOCK_CAPTURE_AUTORELEASING = YES;
				CLANG_WARN_BOOL_CONVERSION = YES;
				CLANG_WARN_COMMA = YES;
				CLANG_WARN_CONSTANT_CONVERSION = YES;
				CLANG_WARN_DEPRECATED_OBJC_IMPLEMENTATIONS = YES;
				CLANG_WARN_DIRECT_OBJC_ISA_USAGE = YES_ERROR;
				CLANG_WARN_DOCUMENTATION_COMMENTS = YES;
				CLANG_WARN_EMPTY_BODY = YES;
				CLANG_WARN_ENUM_CONVERSION = YES;
				CLANG_WARN_INFINITE_RECURSION = YES;
				CLANG_WARN_INT_CONVERSION = YES;
				CLANG_WARN_NON_LITERAL_NULL_CONVERSION = YES;
				CLANG_WARN_OBJC_IMPLICIT_RETAIN_SELF = YES;
				CLANG_WARN_OBJC_LITERAL_CONVERSION = YES;
				CLANG_WARN_OBJC_ROOT_CLASS = YES_ERROR;
				CLANG_WARN_QUOTED_INCLUDE_IN_FRAMEWORK_HEADER = YES;
				CLANG_WARN_RANGE_LOOP_ANALYSIS = YES;
				CLANG_WARN_STRICT_PROTOTYPES = YES;
				CLANG_WARN_SUSPICIOUS_MOVE = YES;
				CLANG_WARN_UNGUARDED_AVAILABILITY = YES_AGGRESSIVE;
				CLANG_WARN_UNREACHABLE_CODE = YES;
				CLANG_WARN__DUPLICATE_METHOD_MATCH = YES;
				COPY_PHASE_STRIP = NO;
				DEBUG_INFORMATION_FORMAT = dwarf;
				DEVELOPMENT_TEAM = 47J6H2LHDD;
				ENABLE_STRICT_OBJC_MSGSEND = YES;
				ENABLE_TESTABILITY = YES;
				ENABLE_USER_SCRIPT_SANDBOXING = YES;
				GCC_C_LANGUAGE_STANDARD = gnu17;
				GCC_DYNAMIC_NO_PIC = NO;
				GCC_NO_COMMON_BLOCKS = YES;
				GCC_OPTIMIZATION_LEVEL = 0;
				GCC_PREPROCESSOR_DEFINITIONS = (
					"DEBUG=1",
					"$(inherited)",
				);
				GCC_WARN_64_TO_32_BIT_CONVERSION = YES;
				GCC_WARN_ABOUT_RETURN_TYPE = YES_ERROR;
				GCC_WARN_UNDECLARED_SELECTOR = YES;
				GCC_WARN_UNINITIALIZED_AUTOS = YES_AGGRESSIVE;
				GCC_WARN_UNUSED_FUNCTION = YES;
				GCC_WARN_UNUSED_VARIABLE = YES;
				IPHONEOS_DEPLOYMENT_TARGET = 26.0;
				LOCALIZATION_PREFERS_STRING_CATALOGS = YES;
				MTL_ENABLE_DEBUG_INFO = INCLUDE_SOURCE;
				MTL_FAST_MATH = YES;
				ONLY_ACTIVE_ARCH = YES;
				SDKROOT = iphoneos;
				SWIFT_ACTIVE_COMPILATION_CONDITIONS = "DEBUG $(inherited)";
				SWIFT_OPTIMIZATION_LEVEL = "-Onone";
			};
			name = Debug;
		};
		B9BB572A2DF8CE4700B7E1E7 /* Release */ = {
			isa = XCBuildConfiguration;
			buildSettings = {
				ALWAYS_SEARCH_USER_PATHS = NO;
				ASSETCATALOG_COMPILER_GENERATE_SWIFT_ASSET_SYMBOL_EXTENSIONS = YES;
				CLANG_ANALYZER_NONNULL = YES;
				CLANG_ANALYZER_NUMBER_OBJECT_CONVERSION = YES_AGGRESSIVE;
				CLANG_CXX_LANGUAGE_STANDARD = "gnu++20";
				CLANG_ENABLE_MODULES = YES;
				CLANG_ENABLE_OBJC_ARC = YES;
				CLANG_ENABLE_OBJC_WEAK = YES;
				CLANG_WARN_BLOCK_CAPTURE_AUTORELEASING = YES;
				CLANG_WARN_BOOL_CONVERSION = YES;
				CLANG_WARN_COMMA = YES;
				CLANG_WARN_CONSTANT_CONVERSION = YES;
				CLANG_WARN_DEPRECATED_OBJC_IMPLEMENTATIONS = YES;
				CLANG_WARN_DIRECT_OBJC_ISA_USAGE = YES_ERROR;
				CLANG_WARN_DOCUMENTATION_COMMENTS = YES;
				CLANG_WARN_EMPTY_BODY = YES;
				CLANG_WARN_ENUM_CONVERSION = YES;
				CLANG_WARN_INFINITE_RECURSION = YES;
				CLANG_WARN_INT_CONVERSION = YES;
				CLANG_WARN_NON_LITERAL_NULL_CONVERSION = YES;
				CLANG_WARN_OBJC_IMPLICIT_RETAIN_SELF = YES;
				CLANG_WARN_OBJC_LITERAL_CONVERSION = YES;
				CLANG_WARN_OBJC_ROOT_CLASS = YES_ERROR;
				CLANG_WARN_QUOTED_INCLUDE_IN_FRAMEWORK_HEADER = YES;
				CLANG_WARN_RANGE_LOOP_ANALYSIS = YES;
				CLANG_WARN_STRICT_PROTOTYPES = YES;
				CLANG_WARN_SUSPICIOUS_MOVE = YES;
				CLANG_WARN_UNGUARDED_AVAILABILITY = YES_AGGRESSIVE;
				CLANG_WARN_UNREACHABLE_CODE = YES;
				CLANG_WARN__DUPLICATE_METHOD_MATCH = YES;
				COPY_PHASE_STRIP = NO;
				DEBUG_INFORMATION_FORMAT = "dwarf-with-dsym";
				DEVELOPMENT_TEAM = 47J6H2LHDD;
				ENABLE_NS_ASSERTIONS = NO;
				ENABLE_STRICT_OBJC_MSGSEND = YES;
				ENABLE_USER_SCRIPT_SANDBOXING = YES;
				GCC_C_LANGUAGE_STANDARD = gnu17;
				GCC_NO_COMMON_BLOCKS = YES;
				GCC_WARN_64_TO_32_BIT_CONVERSION = YES;
				GCC_WARN_ABOUT_RETURN_TYPE = YES_ERROR;
				GCC_WARN_UNDECLARED_SELECTOR = YES;
				GCC_WARN_UNINITIALIZED_AUTOS = YES_AGGRESSIVE;
				GCC_WARN_UNUSED_FUNCTION = YES;
				GCC_WARN_UNUSED_VARIABLE = YES;
				IPHONEOS_DEPLOYMENT_TARGET = 26.0;
				LOCALIZATION_PREFERS_STRING_CATALOGS = YES;
				MTL_ENABLE_DEBUG_INFO = NO;
				MTL_FAST_MATH = YES;
				SDKROOT = iphoneos;
				SWIFT_COMPILATION_MODE = wholemodule;
				VALIDATE_PRODUCT = YES;
			};
			name = Release;
		};
		B9BB572C2DF8CE4700B7E1E7 /* Debug */ = {
			isa = XCBuildConfiguration;
			buildSettings = {
				BUNDLE_LOADER = "$(TEST_HOST)";
				CODE_SIGN_STYLE = Automatic;
				CURRENT_PROJECT_VERSION = 1;
				DEVELOPMENT_TEAM = 47J6H2LHDD;
				GENERATE_INFOPLIST_FILE = YES;
				IPHONEOS_DEPLOYMENT_TARGET = 26.0;
				MARKETING_VERSION = 1.0;
				PRODUCT_BUNDLE_IDENTIFIER = "com.doorhingeapps.Aura-2-0Tests";
				PRODUCT_NAME = "$(TARGET_NAME)";
				STRING_CATALOG_GENERATE_SYMBOLS = NO;
				SWIFT_EMIT_LOC_STRINGS = NO;
				SWIFT_UPCOMING_FEATURE_MEMBER_IMPORT_VISIBILITY = YES;
				SWIFT_VERSION = 5.0;
				TARGETED_DEVICE_FAMILY = "1,2";
				TEST_HOST = "$(BUILT_PRODUCTS_DIR)/Aura 2.0.app/$(BUNDLE_EXECUTABLE_FOLDER_PATH)/Aura 2.0";
			};
			name = Debug;
		};
		B9BB572D2DF8CE4700B7E1E7 /* Release */ = {
			isa = XCBuildConfiguration;
			buildSettings = {
				BUNDLE_LOADER = "$(TEST_HOST)";
				CODE_SIGN_STYLE = Automatic;
				CURRENT_PROJECT_VERSION = 1;
				DEVELOPMENT_TEAM = 47J6H2LHDD;
				GENERATE_INFOPLIST_FILE = YES;
				IPHONEOS_DEPLOYMENT_TARGET = 26.0;
				MARKETING_VERSION = 1.0;
				PRODUCT_BUNDLE_IDENTIFIER = "com.doorhingeapps.Aura-2-0Tests";
				PRODUCT_NAME = "$(TARGET_NAME)";
				STRING_CATALOG_GENERATE_SYMBOLS = NO;
				SWIFT_EMIT_LOC_STRINGS = NO;
				SWIFT_UPCOMING_FEATURE_MEMBER_IMPORT_VISIBILITY = YES;
				SWIFT_VERSION = 5.0;
				TARGETED_DEVICE_FAMILY = "1,2";
				TEST_HOST = "$(BUILT_PRODUCTS_DIR)/Aura 2.0.app/$(BUNDLE_EXECUTABLE_FOLDER_PATH)/Aura 2.0";
			};
			name = Release;
		};
		B9BB572F2DF8CE4700B7E1E7 /* Debug */ = {
			isa = XCBuildConfiguration;
			buildSettings = {
				CODE_SIGN_STYLE = Automatic;
				CURRENT_PROJECT_VERSION = 1;
				DEVELOPMENT_TEAM = 47J6H2LHDD;
				GENERATE_INFOPLIST_FILE = YES;
				MARKETING_VERSION = 1.0;
				PRODUCT_BUNDLE_IDENTIFIER = "com.doorhingeapps.Aura-2-0UITests";
				PRODUCT_NAME = "$(TARGET_NAME)";
				STRING_CATALOG_GENERATE_SYMBOLS = NO;
				SWIFT_EMIT_LOC_STRINGS = NO;
				SWIFT_UPCOMING_FEATURE_MEMBER_IMPORT_VISIBILITY = YES;
				SWIFT_VERSION = 5.0;
				TARGETED_DEVICE_FAMILY = "1,2";
				TEST_TARGET_NAME = "Aura 2.0";
			};
			name = Debug;
		};
		B9BB57302DF8CE4700B7E1E7 /* Release */ = {
			isa = XCBuildConfiguration;
			buildSettings = {
				CODE_SIGN_STYLE = Automatic;
				CURRENT_PROJECT_VERSION = 1;
				DEVELOPMENT_TEAM = 47J6H2LHDD;
				GENERATE_INFOPLIST_FILE = YES;
				MARKETING_VERSION = 1.0;
				PRODUCT_BUNDLE_IDENTIFIER = "com.doorhingeapps.Aura-2-0UITests";
				PRODUCT_NAME = "$(TARGET_NAME)";
				STRING_CATALOG_GENERATE_SYMBOLS = NO;
				SWIFT_EMIT_LOC_STRINGS = NO;
				SWIFT_UPCOMING_FEATURE_MEMBER_IMPORT_VISIBILITY = YES;
				SWIFT_VERSION = 5.0;
				TARGETED_DEVICE_FAMILY = "1,2";
				TEST_TARGET_NAME = "Aura 2.0";
			};
			name = Release;
		};
/* End XCBuildConfiguration section */

/* Begin XCConfigurationList section */
		B9BB56FD2DF8CE4500B7E1E7 /* Build configuration list for PBXProject "Aura 2.0" */ = {
			isa = XCConfigurationList;
			buildConfigurations = (
				B9BB57292DF8CE4700B7E1E7 /* Debug */,
				B9BB572A2DF8CE4700B7E1E7 /* Release */,
			);
			defaultConfigurationIsVisible = 0;
			defaultConfigurationName = Release;
		};
		B9BB57262DF8CE4700B7E1E7 /* Build configuration list for PBXNativeTarget "Aura 2.0" */ = {
			isa = XCConfigurationList;
			buildConfigurations = (
				B9BB57272DF8CE4700B7E1E7 /* Debug */,
				B9BB57282DF8CE4700B7E1E7 /* Release */,
			);
			defaultConfigurationIsVisible = 0;
			defaultConfigurationName = Release;
		};
		B9BB572B2DF8CE4700B7E1E7 /* Build configuration list for PBXNativeTarget "Aura 2.0Tests" */ = {
			isa = XCConfigurationList;
			buildConfigurations = (
				B9BB572C2DF8CE4700B7E1E7 /* Debug */,
				B9BB572D2DF8CE4700B7E1E7 /* Release */,
			);
			defaultConfigurationIsVisible = 0;
			defaultConfigurationName = Release;
		};
		B9BB572E2DF8CE4700B7E1E7 /* Build configuration list for PBXNativeTarget "Aura 2.0UITests" */ = {
			isa = XCConfigurationList;
			buildConfigurations = (
				B9BB572F2DF8CE4700B7E1E7 /* Debug */,
				B9BB57302DF8CE4700B7E1E7 /* Release */,
			);
			defaultConfigurationIsVisible = 0;
			defaultConfigurationName = Release;
		};
/* End XCConfigurationList section */

/* Begin XCRemoteSwiftPackageReference section */
		B9B005132DFA7D2400B79152 /* XCRemoteSwiftPackageReference "SDWebImageSwiftUI" */ = {
			isa = XCRemoteSwiftPackageReference;
			repositoryURL = "https://github.com/SDWebImage/SDWebImageSwiftUI";
			requirement = {
				kind = upToNextMajorVersion;
				minimumVersion = 3.1.3;
			};
		};
/* End XCRemoteSwiftPackageReference section */

/* Begin XCSwiftPackageProductDependency section */
		B9B005172DFA7D9000B79152 /* SDWebImageSwiftUI */ = {
			isa = XCSwiftPackageProductDependency;
			package = B9B005132DFA7D2400B79152 /* XCRemoteSwiftPackageReference "SDWebImageSwiftUI" */;
			productName = SDWebImageSwiftUI;
		};
/* End XCSwiftPackageProductDependency section */
	};
	rootObject = B9BB56FA2DF8CE4500B7E1E7 /* Project object */;
}
